
Microsoft Visual Studio Solution File, Format Version 12.00
# Visual Studio Version 16
VisualStudioVersion = 16.0.31424.327
MinimumVisualStudioVersion = 10.0.40219.1
Project("{FAE04EC0-301F-11D3-BF4B-00C04F79EFBC}") = "Lab3_Jury", "Lab3_Jury\Lab3_Jury.csproj", "{675053EB-ADF2-4706-9A1E-A214023E3A7E}"
EndProject
Global
	GlobalSection(SolutionConfigurationPlatforms) = preSolution
		Debug|Any CPU = Debug|Any CPU
		Release|Any CPU = Release|Any CPU
	EndGlobalSection
	GlobalSection(ProjectConfigurationPlatforms) = postSolution
		{675053EB-ADF2-4706-9A1E-A214023E3A7E}.Debug|Any CPU.ActiveCfg = Debug|Any CPU
		{675053EB-ADF2-4706-9A1E-A214023E3A7E}.Debug|Any CPU.Build.0 = Debug|Any CPU
		{675053EB-ADF2-4706-9A1E-A214023E3A7E}.Release|Any CPU.ActiveCfg = Release|Any CPU
		{675053EB-ADF2-4706-9A1E-A214023E3A7E}.Release|Any CPU.Build.0 = Release|Any CPU
	EndGlobalSection
	GlobalSection(SolutionProperties) = preSolution
		HideSolutionNode = FALSE
	EndGlobalSection
	GlobalSection(ExtensibilityGlobals) = postSolution
		SolutionGuid = {A6072885-32B8-435E-80D7-D1F79BD1050A}
	EndGlobalSection
EndGlobal
